{
    "_meta": {
        "hash": {
            "sha256": "f4b3a805fd0c58268cb5765e503a080c2404718bcce3b9775766c0d2c57686e0"
        },
        "pipfile-spec": 6,
        "requires": {
            "python_version": "3.12"
        },
        "sources": [
            {
                "name": "pypi",
                "url": "https://pypi.org/simple",
                "verify_ssl": true
            }
        ]
    },
    "default": {
        "ruff": {
            "hashes": [
                "sha256:093ea2b221df1d2b8e7ad92fc6ffdca40a2cb10d8564477a987b44fd4008a7be",
                "sha256:09e4cf27cc10f96b1708100fa851e0daf21767e9709e1649175355280e0d950e",
                "sha256:2a4a20aeed74671b2def096bdf2eac610c7d8ffcbf4fb0e627c06947a1d7078d",
                "sha256:369ffb69b70cd55b6c3fc453b9492d98aed98062db9fec828cdfd069555f5f1a",
                "sha256:3b8b94317cbc2ae4a2771af641739f933934b03555e51515e6e021c64441532d",
                "sha256:3eb3a6b2db4d6e2c77e682f0b988d4d61aff06860158fdb413118ca133d57922",
                "sha256:45fc42c3bf1d30d2008023a0a9a0cfb06bf9835b147f11fe0679f21ae86d34b1",
                "sha256:48d6c6bfb4761df68bc05ae630e24f506755e702d4fb08f08460be778c7ccb12",
                "sha256:4987b8f4ceadf597c927beee65a5eaf994c6e2b631df963f86d8ad1bdea99342",
                "sha256:6932323db80484dda89153da3d8e58164d01d6da86857c79f1961934354992da",
                "sha256:6aa7e623a3a11538108f61e859ebf016c4f14a7e6e4eba1980190cacb57714ce",
                "sha256:71a4c550195612f486c9d1f2b045a600aeba851b298c667807ae933478fcef04",
                "sha256:73448de992d05517170fc37169cbca857dfeaeaa8c2b9be494d7bcb0d36c8f4b",
                "sha256:793d8859445ea47591272021a81391350205a4af65a9392401f418a95dfb75c9",
                "sha256:8ae64755b22f4ff85e9c52d1f82644abd0b6b6b6deedceb74bd71f35c24044cc",
                "sha256:ce48f675c394c37e958bf229fb5c1e843e20945a6d962cf3ea20b7a107dcd9f4",
                "sha256:d7b4f55cd6f325cb7621244f19c873c565a08aff5a4ba9c69aa7355f3f7afd3e",
                "sha256:dca8a3b6d6dc9810ed8f328d406516bf4d660c00caeaef36eb831cf4871b0639"
            ],
            "index": "pypi",
            "markers": "python_version >= '3.7'",
            "version": "==0.12.2"
        }
    },
    "develop": {}
}
