{
    "_meta": {
        "hash": {
            "sha256": "f4b3a805fd0c58268cb5765e503a080c2404718bcce3b9775766c0d2c57686e0"
        },
        "pipfile-spec": 6,
        "requires": {
            "python_version": "3.12"
        },
        "sources": [
            {
                "name": "pypi",
                "url": "https://pypi.org/simple",
                "verify_ssl": true
            }
        ]
    },
    "default": {
        "ruff": {
            "hashes": [
                "sha256:1808b3ed53e1a777c2ef733aca9051dc9bf7c99b26ece15cb59a0320fbdbd629",
                "sha256:26816a218ca6ef02142343fd24c70f7cd8c5aa6c203bca284407adf675984432",
                "sha256:26fa247dc68d1d4e72c179e08889a25ac0c7ba4d78aecfc835d49cbfd60bf514",
                "sha256:29c3189895a8a6a657b7af4e97d330c8a3afd2c9c8f46c81e2fc5a31866517e3",
                "sha256:4a9ddd3ec62a9a89578c85842b836e4ac832d4a2e0bfaad3b02243f930ceafcc",
                "sha256:4bdfbf1240533f40042ec00c9e09a3aade6f8c10b6414cf11b519488d2635d46",
                "sha256:4ffbc82d70424b275b089166310448051afdc6e914fdab90e08df66c43bb5ca9",
                "sha256:51c3f95abd9331dc5b87c47ac7f376db5616041173826dfd556cfe3d4977f492",
                "sha256:53b15a9dfdce029c842e9a5aebc3855e9ab7771395979ff85b7c1dedb53ddc2b",
                "sha256:55e4bc3a77842da33c16d55b32c6cac1ec5fb0fbec9c8c513bdce76c4f922165",
                "sha256:633bf2c6f35678c56ec73189ba6fa19ff1c5e4807a78bf60ef487b9dd272cc71",
                "sha256:6c51f93029d54a910d3d24f7dd0bb909e31b6cd989a5e4ac513f4eb41629f0dc",
                "sha256:96c27935418e4e8e77a26bb05962817f28b8ef3843a6c6cc49d8783b5507f250",
                "sha256:ab153241400789138d13f362c43f7edecc0edfffce2afa6a68434000ecd8f69a",
                "sha256:aef9c9ed1b5ca28bb15c7eac83b8670cf3b20b478195bd49c8d756ba0a36cf48",
                "sha256:b4385285e9179d608ff1d2fb9922062663c658605819a6876d8beef0c30b7f3b",
                "sha256:d237a496e0778d719efb05058c64d28b757c77824e04ffe8796c7436e26712b7",
                "sha256:d28ce58b5ecf0f43c1b71edffabe6ed7f245d5336b17805803312ec9bc665933"
            ],
            "index": "pypi",
            "markers": "python_version >= '3.7'",
            "version": "==0.11.13"
        }
    },
    "develop": {}
}
